PODS:
  - BRLOptionParser (0.3.1)
  - GCDWebServer (3.4.2):
    - GCDWebServer/Core (= 3.4.2)
  - GCDWebServer/Core (3.4.2)

DEPENDENCIES:
  - BRLOptionParser (= 0.3.1)
  - GCDWebServer (= 3.4.2)

SPEC REPOS:
  trunk:
    - BRLOptionParser
    - GCDWebServer

SPEC CHECKSUMS:
  BRLOptionParser: a03256a8ff003ca1f5376c55f55f210e085a3958
  GCDWebServer: 8d67ee9f634b4bb91eb4b8aee440318a5fc6debd

PODFILE CHECKSUM: ac22ca7b97abcd9f162655afae61214822ce219d

COCOAPODS: 1.12.1
